<Solution>
  <Project Path="CardsFrontend/CardsFrontend.csproj" />
  <Project Path="EstadoDeCuenta.API/EstadoDeCuenta.API.csproj" />
  <Project Path="EstadoDeCuenta.Domain/EstadoDeCuenta.Domain.csproj" />
  <Project Path="EstadoDeCuenta.DTOs/EstadoDeCuenta.DTOs.csproj" />
  <Project Path="EstadoDeCuenta.Infrastructure/EstadoDeCuenta.Infrastructure.csproj" />
  <Project Path="EstadoDeCuenta.Services/EstadoDeCuenta.Services.csproj" />
</Solution>
